{
  "pins" : [
    {
      "identity" : "alamofire",
      "kind" : "remoteSourceControl",
      "location" : "https://github.com/Alamofire/Alamofire.git",
      "state" : {
        "revision" : "354dda32d89fc8cd4f5c46487f64957d355f53d8",
        "version" : "5.6.1"
      }
    },
    {
      "identity" : "bigint",
      "kind" : "remoteSourceControl",
      "location" : "https://github.com/attaswift/BigInt.git",
      "state" : {
        "revision" : "0ed110f7555c34ff468e72e1686e59721f2b0da6",
        "version" : "5.3.0"
      }
    },
    {
      "identity" : "blocto-ios-sdk",
      "kind" : "remoteSourceControl",
      "location" : "https://github.com/portto/blocto-ios-sdk.git",
      "state" : {
        "revision" : "54b1f82498efb3cacd800bc872553664429e5e66",
        "version" : "0.2.2"
      }
    },
    {
      "identity" : "cryptoswift",
      "kind" : "remoteSourceControl",
      "location" : "https://github.com/krzyzanowskim/CryptoSwift.git",
      "state" : {
        "revision" : "039f56c5d7960f277087a0be51f5eb04ed0ec073",
        "version" : "1.5.1"
      }
    },
    {
      "identity" : "flow-swift-sdk",
      "kind" : "remoteSourceControl",
      "location" : "https://github.com/portto/flow-swift-sdk.git",
      "state" : {
        "revision" : "fdac4e7c08db3fbdee5a22230bc3c004f47d2a3f",
        "version" : "0.1.2"
      }
    },
    {
      "identity" : "grpc-swift",
      "kind" : "remoteSourceControl",
      "location" : "https://github.com/grpc/grpc-swift.git",
      "state" : {
        "revision" : "d772b688d718c2eb29f99b535fc4d92ebba031c5",
        "version" : "1.8.1"
      }
    },
    {
      "identity" : "logger",
      "kind" : "remoteSourceControl",
      "location" : "https://github.com/shibapm/Logger",
      "state" : {
        "revision" : "53c3ecca5abe8cf46697e33901ee774236d94cce",
        "version" : "0.2.3"
      }
    },
    {
      "identity" : "moya",
      "kind" : "remoteSourceControl",
      "location" : "https://github.com/Moya/Moya.git",
      "state" : {
        "revision" : "d27767c3624cc64a45bb371b267b89c92d70c670",
        "version" : "14.0.1"
      }
    },
    {
      "identity" : "nimble",
      "kind" : "remoteSourceControl",
      "location" : "https://github.com/Quick/Nimble.git",
      "state" : {
        "revision" : "7a46a5fc86cb917f69e3daf79fcb045283d8f008",
        "version" : "8.1.2"
      }
    },
    {
      "identity" : "ohhttpstubs",
      "kind" : "remoteSourceControl",
      "location" : "https://github.com/AliSoftware/OHHTTPStubs.git",
      "state" : {
        "revision" : "12f19662426d0434d6c330c6974d53e2eb10ecd9",
        "version" : "9.1.0"
      }
    },
    {
      "identity" : "packageconfig",
      "kind" : "remoteSourceControl",
      "location" : "https://github.com/shibapm/PackageConfig.git",
      "state" : {
        "revision" : "58523193c26fb821ed1720dcd8a21009055c7cdb",
        "version" : "1.1.3"
      }
    },
    {
      "identity" : "quick",
      "kind" : "remoteSourceControl",
      "location" : "https://github.com/Quick/Quick.git",
      "state" : {
        "revision" : "09b3becb37cb2163919a3842a4c5fa6ec7130792",
        "version" : "2.2.1"
      }
    },
    {
      "identity" : "reactiveswift",
      "kind" : "remoteSourceControl",
      "location" : "https://github.com/Moya/ReactiveSwift.git",
      "state" : {
        "revision" : "f195d82bb30e412e70446e2b4a77e1b514099e88",
        "version" : "6.1.0"
      }
    },
    {
      "identity" : "rocket",
      "kind" : "remoteSourceControl",
      "location" : "https://github.com/shibapm/Rocket",
      "state" : {
        "revision" : "9880a5beb7fcb9e61ddd5764edc1700b8c418deb",
        "version" : "1.2.1"
      }
    },
    {
      "identity" : "runtime",
      "kind" : "remoteSourceControl",
      "location" : "https://github.com/wickwirew/Runtime.git",
      "state" : {
        "revision" : "dad03135d7701a4e7b3a4051e75d6b37bd8e178e",
        "version" : "2.2.4"
      }
    },
    {
      "identity" : "rxswift",
      "kind" : "remoteSourceControl",
      "location" : "https://github.com/ReactiveX/RxSwift.git",
      "state" : {
        "revision" : "cec68169a048a079f461ba203fe85636548d7a89",
        "version" : "5.1.3"
      }
    },
    {
      "identity" : "secp256k1",
      "kind" : "remoteSourceControl",
      "location" : "https://github.com/portto/secp256k1.git",
      "state" : {
        "revision" : "72b5f1b4ba20cd529f77b0893d20ee43b892cc3f",
        "version" : "0.0.4"
      }
    },
    {
      "identity" : "secp256k1.swift",
      "kind" : "remoteSourceControl",
      "location" : "https://github.com/portto/secp256k1.swift",
      "state" : {
        "revision" : "28e8dcbc123136cf89682e2754abc603d783d908",
        "version" : "0.7.2"
      }
    },
    {
      "identity" : "solana-web3.swift",
      "kind" : "remoteSourceControl",
      "location" : "https://github.com/portto/solana-web3.swift",
      "state" : {
        "revision" : "9f430df4ce564d900e41da37821d555b2e644b62",
        "version" : "0.0.4"
      }
    },
    {
      "identity" : "swift-log",
      "kind" : "remoteSourceControl",
      "location" : "https://github.com/apple/swift-log.git",
      "state" : {
        "revision" : "5d66f7ba25daf4f94100e7022febf3c75e37a6c7",
        "version" : "1.4.2"
      }
    },
    {
      "identity" : "swift-nio",
      "kind" : "remoteSourceControl",
      "location" : "https://github.com/apple/swift-nio.git",
      "state" : {
        "revision" : "124119f0bb12384cef35aa041d7c3a686108722d",
        "version" : "2.40.0"
      }
    },
    {
      "identity" : "swift-nio-extras",
      "kind" : "remoteSourceControl",
      "location" : "https://github.com/apple/swift-nio-extras.git",
      "state" : {
        "revision" : "a75e92bde3683241c15df3dd905b7a6dcac4d551",
        "version" : "1.12.1"
      }
    },
    {
      "identity" : "swift-nio-http2",
      "kind" : "remoteSourceControl",
      "location" : "https://github.com/apple/swift-nio-http2.git",
      "state" : {
        "revision" : "108ac15087ea9b79abb6f6742699cf31de0e8772",
        "version" : "1.22.0"
      }
    },
    {
      "identity" : "swift-nio-ssl",
      "kind" : "remoteSourceControl",
      "location" : "https://github.com/apple/swift-nio-ssl.git",
      "state" : {
        "revision" : "42436a25ff32c390465567f5c089a9a8ce8d7baf",
        "version" : "2.20.0"
      }
    },
    {
      "identity" : "swift-nio-transport-services",
      "kind" : "remoteSourceControl",
      "location" : "https://github.com/apple/swift-nio-transport-services.git",
      "state" : {
        "revision" : "2cb54f91ddafc90832c5fa247faf5798d0a7c204",
        "version" : "1.13.0"
      }
    },
    {
      "identity" : "swift-protobuf",
      "kind" : "remoteSourceControl",
      "location" : "https://github.com/apple/swift-protobuf.git",
      "state" : {
        "revision" : "e1499bc69b9040b29184f7f2996f7bab467c1639",
        "version" : "1.19.0"
      }
    },
    {
      "identity" : "swiftshell",
      "kind" : "remoteSourceControl",
      "location" : "https://github.com/kareman/SwiftShell",
      "state" : {
        "revision" : "a6014fe94c3dbff0ad500e8da4f251a5d336530b",
        "version" : "5.1.0-beta.1"
      }
    },
    {
      "identity" : "swiftyjson",
      "kind" : "remoteSourceControl",
      "location" : "https://github.com/SwiftyJSON/SwiftyJSON.git",
      "state" : {
        "revision" : "2b6054efa051565954e1d2b9da831680026cd768",
        "version" : "4.3.0"
      }
    },
    {
      "identity" : "tweetnacl-swiftwrap",
      "kind" : "remoteSourceControl",
      "location" : "https://github.com/bitmark-inc/tweetnacl-swiftwrap.git",
      "state" : {
        "revision" : "f8fd111642bf2336b11ef9ea828510693106e954",
        "version" : "1.1.0"
      }
    },
    {
      "identity" : "yams",
      "kind" : "remoteSourceControl",
      "location" : "https://github.com/jpsim/Yams",
      "state" : {
        "revision" : "9ff1cc9327586db4e0c8f46f064b6a82ec1566fa",
        "version" : "4.0.6"
      }
    }
  ],
  "version" : 2
}
