// !$*UTF8*$!
{
	archiveVersion = 1;
	classes = {
	};
	objectVersion = 55;
	objects = {

/* Begin PBXBuildFile section */
		4B26A40A4286E8B85E2D8FBC /* Pods_FCL_Cocoa_Demo.framework in Frameworks */ = {isa = PBXBuildFile; fileRef = 4FCA8D257FE5735B0B427899 /* Pods_FCL_Cocoa_Demo.framework */; };
		6DDC505B2876ADDF003978D0 /* AppDelegate.swift in Sources */ = {isa = PBXBuildFile; fileRef = 6DDC505A2876ADDF003978D0 /* AppDelegate.swift */; };
		6DDC505D2876ADDF003978D0 /* SceneDelegate.swift in Sources */ = {isa = PBXBuildFile; fileRef = 6DDC505C2876ADDF003978D0 /* SceneDelegate.swift */; };
		6DDC505F2876ADDF003978D0 /* FlowDemoViewController.swift in Sources */ = {isa = PBXBuildFile; fileRef = 6DDC505E2876ADDF003978D0 /* FlowDemoViewController.swift */; };
		6DDC50622876ADDF003978D0 /* Main.storyboard in Resources */ = {isa = PBXBuildFile; fileRef = 6DDC50602876ADDF003978D0 /* Main.storyboard */; };
		6DDC50642876ADE0003978D0 /* Assets.xcassets in Resources */ = {isa = PBXBuildFile; fileRef = 6DDC50632876ADE0003978D0 /* Assets.xcassets */; };
		6DDC50672876ADE0003978D0 /* LaunchScreen.storyboard in Resources */ = {isa = PBXBuildFile; fileRef = 6DDC50652876ADE0003978D0 /* LaunchScreen.storyboard */; };
/* End PBXBuildFile section */

/* Begin PBXFileReference section */
		3771E811791C2D468C41B887 /* Pods-FCL_Cocoa_Demo.release.xcconfig */ = {isa = PBXFileReference; includeInIndex = 1; lastKnownFileType = text.xcconfig; name = "Pods-FCL_Cocoa_Demo.release.xcconfig"; path = "Target Support Files/Pods-FCL_Cocoa_Demo/Pods-FCL_Cocoa_Demo.release.xcconfig"; sourceTree = "<group>"; };
		4FCA8D257FE5735B0B427899 /* Pods_FCL_Cocoa_Demo.framework */ = {isa = PBXFileReference; explicitFileType = wrapper.framework; includeInIndex = 0; path = Pods_FCL_Cocoa_Demo.framework; sourceTree = BUILT_PRODUCTS_DIR; };
		6DDC50572876ADDF003978D0 /* FCL_Cocoa_Demo.app */ = {isa = PBXFileReference; explicitFileType = wrapper.application; includeInIndex = 0; path = FCL_Cocoa_Demo.app; sourceTree = BUILT_PRODUCTS_DIR; };
		6DDC505A2876ADDF003978D0 /* AppDelegate.swift */ = {isa = PBXFileReference; lastKnownFileType = sourcecode.swift; path = AppDelegate.swift; sourceTree = "<group>"; };
		6DDC505C2876ADDF003978D0 /* SceneDelegate.swift */ = {isa = PBXFileReference; lastKnownFileType = sourcecode.swift; path = SceneDelegate.swift; sourceTree = "<group>"; };
		6DDC505E2876ADDF003978D0 /* FlowDemoViewController.swift */ = {isa = PBXFileReference; lastKnownFileType = sourcecode.swift; path = FlowDemoViewController.swift; sourceTree = "<group>"; };
		6DDC50612876ADDF003978D0 /* Base */ = {isa = PBXFileReference; lastKnownFileType = file.storyboard; name = Base; path = Base.lproj/Main.storyboard; sourceTree = "<group>"; };
		6DDC50632876ADE0003978D0 /* Assets.xcassets */ = {isa = PBXFileReference; lastKnownFileType = folder.assetcatalog; path = Assets.xcassets; sourceTree = "<group>"; };
		6DDC50662876ADE0003978D0 /* Base */ = {isa = PBXFileReference; lastKnownFileType = file.storyboard; name = Base; path = Base.lproj/LaunchScreen.storyboard; sourceTree = "<group>"; };
		6DDC50682876ADE0003978D0 /* Info.plist */ = {isa = PBXFileReference; lastKnownFileType = text.plist.xml; path = Info.plist; sourceTree = "<group>"; };
		E0B6191F2AAB5F0129CCAEBA /* Pods-FCL_Cocoa_Demo.debug.xcconfig */ = {isa = PBXFileReference; includeInIndex = 1; lastKnownFileType = text.xcconfig; name = "Pods-FCL_Cocoa_Demo.debug.xcconfig"; path = "Target Support Files/Pods-FCL_Cocoa_Demo/Pods-FCL_Cocoa_Demo.debug.xcconfig"; sourceTree = "<group>"; };
/* End PBXFileReference section */

/* Begin PBXFrameworksBuildPhase section */
		6DDC50542876ADDF003978D0 /* Frameworks */ = {
			isa = PBXFrameworksBuildPhase;
			buildActionMask = 2147483647;
			files = (
				4B26A40A4286E8B85E2D8FBC /* Pods_FCL_Cocoa_Demo.framework in Frameworks */,
			);
			runOnlyForDeploymentPostprocessing = 0;
		};
/* End PBXFrameworksBuildPhase section */

/* Begin PBXGroup section */
		3E94A9B239DF698B01B5FB68 /* Pods */ = {
			isa = PBXGroup;
			children = (
				E0B6191F2AAB5F0129CCAEBA /* Pods-FCL_Cocoa_Demo.debug.xcconfig */,
				3771E811791C2D468C41B887 /* Pods-FCL_Cocoa_Demo.release.xcconfig */,
			);
			path = Pods;
			sourceTree = "<group>";
		};
		40CB76FCA537D0ABFDCF0FC2 /* Frameworks */ = {
			isa = PBXGroup;
			children = (
				4FCA8D257FE5735B0B427899 /* Pods_FCL_Cocoa_Demo.framework */,
			);
			name = Frameworks;
			sourceTree = "<group>";
		};
		6DDC504E2876ADDF003978D0 = {
			isa = PBXGroup;
			children = (
				6DDC50592876ADDF003978D0 /* FCL_Cocoa_Demo */,
				6DDC50582876ADDF003978D0 /* Products */,
				3E94A9B239DF698B01B5FB68 /* Pods */,
				40CB76FCA537D0ABFDCF0FC2 /* Frameworks */,
			);
			sourceTree = "<group>";
		};
		6DDC50582876ADDF003978D0 /* Products */ = {
			isa = PBXGroup;
			children = (
				6DDC50572876ADDF003978D0 /* FCL_Cocoa_Demo.app */,
			);
			name = Products;
			sourceTree = "<group>";
		};
		6DDC50592876ADDF003978D0 /* FCL_Cocoa_Demo */ = {
			isa = PBXGroup;
			children = (
				6DDC505A2876ADDF003978D0 /* AppDelegate.swift */,
				6DDC505C2876ADDF003978D0 /* SceneDelegate.swift */,
				6DDC505E2876ADDF003978D0 /* FlowDemoViewController.swift */,
				6DDC50602876ADDF003978D0 /* Main.storyboard */,
				6DDC50632876ADE0003978D0 /* Assets.xcassets */,
				6DDC50652876ADE0003978D0 /* LaunchScreen.storyboard */,
				6DDC50682876ADE0003978D0 /* Info.plist */,
			);
			path = FCL_Cocoa_Demo;
			sourceTree = "<group>";
		};
/* End PBXGroup section */

/* Begin PBXNativeTarget section */
		6DDC50562876ADDF003978D0 /* FCL_Cocoa_Demo */ = {
			isa = PBXNativeTarget;
			buildConfigurationList = 6DDC506B2876ADE0003978D0 /* Build configuration list for PBXNativeTarget "FCL_Cocoa_Demo" */;
			buildPhases = (
				B5627EB62379631E5F86EB7F /* [CP] Check Pods Manifest.lock */,
				6DDC50532876ADDF003978D0 /* Sources */,
				6DDC50542876ADDF003978D0 /* Frameworks */,
				6DDC50552876ADDF003978D0 /* Resources */,
				5781175F59D22D86EA0B96EB /* [CP] Embed Pods Frameworks */,
			);
			buildRules = (
			);
			dependencies = (
			);
			name = FCL_Cocoa_Demo;
			productName = FCL_Cocoa_Demo;
			productReference = 6DDC50572876ADDF003978D0 /* FCL_Cocoa_Demo.app */;
			productType = "com.apple.product-type.application";
		};
/* End PBXNativeTarget section */

/* Begin PBXProject section */
		6DDC504F2876ADDF003978D0 /* Project object */ = {
			isa = PBXProject;
			attributes = {
				BuildIndependentTargetsInParallel = 1;
				LastSwiftUpdateCheck = 1340;
				LastUpgradeCheck = 1340;
				TargetAttributes = {
					6DDC50562876ADDF003978D0 = {
						CreatedOnToolsVersion = 13.4.1;
					};
				};
			};
			buildConfigurationList = 6DDC50522876ADDF003978D0 /* Build configuration list for PBXProject "FCL_Cocoa_Demo" */;
			compatibilityVersion = "Xcode 13.0";
			developmentRegion = en;
			hasScannedForEncodings = 0;
			knownRegions = (
				en,
				Base,
			);
			mainGroup = 6DDC504E2876ADDF003978D0;
			productRefGroup = 6DDC50582876ADDF003978D0 /* Products */;
			projectDirPath = "";
			projectRoot = "";
			targets = (
				6DDC50562876ADDF003978D0 /* FCL_Cocoa_Demo */,
			);
		};
/* End PBXProject section */

/* Begin PBXResourcesBuildPhase section */
		6DDC50552876ADDF003978D0 /* Resources */ = {
			isa = PBXResourcesBuildPhase;
			buildActionMask = 2147483647;
			files = (
				6DDC50672876ADE0003978D0 /* LaunchScreen.storyboard in Resources */,
				6DDC50642876ADE0003978D0 /* Assets.xcassets in Resources */,
				6DDC50622876ADDF003978D0 /* Main.storyboard in Resources */,
			);
			runOnlyForDeploymentPostprocessing = 0;
		};
/* End PBXResourcesBuildPhase section */

/* Begin PBXShellScriptBuildPhase section */
		5781175F59D22D86EA0B96EB /* [CP] Embed Pods Frameworks */ = {
			isa = PBXShellScriptBuildPhase;
			buildActionMask = 2147483647;
			files = (
			);
			inputFileListPaths = (
				"${PODS_ROOT}/Target Support Files/Pods-FCL_Cocoa_Demo/Pods-FCL_Cocoa_Demo-frameworks-${CONFIGURATION}-input-files.xcfilelist",
			);
			name = "[CP] Embed Pods Frameworks";
			outputFileListPaths = (
				"${PODS_ROOT}/Target Support Files/Pods-FCL_Cocoa_Demo/Pods-FCL_Cocoa_Demo-frameworks-${CONFIGURATION}-output-files.xcfilelist",
			);
			runOnlyForDeploymentPostprocessing = 0;
			shellPath = /bin/sh;
			shellScript = "\"${PODS_ROOT}/Target Support Files/Pods-FCL_Cocoa_Demo/Pods-FCL_Cocoa_Demo-frameworks.sh\"\n";
			showEnvVarsInLog = 0;
		};
		B5627EB62379631E5F86EB7F /* [CP] Check Pods Manifest.lock */ = {
			isa = PBXShellScriptBuildPhase;
			buildActionMask = 2147483647;
			files = (
			);
			inputFileListPaths = (
			);
			inputPaths = (
				"${PODS_PODFILE_DIR_PATH}/Podfile.lock",
				"${PODS_ROOT}/Manifest.lock",
			);
			name = "[CP] Check Pods Manifest.lock";
			outputFileListPaths = (
			);
			outputPaths = (
				"$(DERIVED_FILE_DIR)/Pods-FCL_Cocoa_Demo-checkManifestLockResult.txt",
			);
			runOnlyForDeploymentPostprocessing = 0;
			shellPath = /bin/sh;
			shellScript = "diff \"${PODS_PODFILE_DIR_PATH}/Podfile.lock\" \"${PODS_ROOT}/Manifest.lock\" > /dev/null\nif [ $? != 0 ] ; then\n    # print error to STDERR\n    echo \"error: The sandbox is not in sync with the Podfile.lock. Run 'pod install' or update your CocoaPods installation.\" >&2\n    exit 1\nfi\n# This output is used by Xcode 'outputs' to avoid re-running this script phase.\necho \"SUCCESS\" > \"${SCRIPT_OUTPUT_FILE_0}\"\n";
			showEnvVarsInLog = 0;
		};
/* End PBXShellScriptBuildPhase section */

/* Begin PBXSourcesBuildPhase section */
		6DDC50532876ADDF003978D0 /* Sources */ = {
			isa = PBXSourcesBuildPhase;
			buildActionMask = 2147483647;
			files = (
				6DDC505F2876ADDF003978D0 /* FlowDemoViewController.swift in Sources */,
				6DDC505B2876ADDF003978D0 /* AppDelegate.swift in Sources */,
				6DDC505D2876ADDF003978D0 /* SceneDelegate.swift in Sources */,
			);
			runOnlyForDeploymentPostprocessing = 0;
		};
/* End PBXSourcesBuildPhase section */

/* Begin PBXVariantGroup section */
		6DDC50602876ADDF003978D0 /* Main.storyboard */ = {
			isa = PBXVariantGroup;
			children = (
				6DDC50612876ADDF003978D0 /* Base */,
			);
			name = Main.storyboard;
			sourceTree = "<group>";
		};
		6DDC50652876ADE0003978D0 /* LaunchScreen.storyboard */ = {
			isa = PBXVariantGroup;
			children = (
				6DDC50662876ADE0003978D0 /* Base */,
			);
			name = LaunchScreen.storyboard;
			sourceTree = "<group>";
		};
/* End PBXVariantGroup section */

/* Begin XCBuildConfiguration section */
		6DDC50692876ADE0003978D0 /* Debug */ = {
			isa = XCBuildConfiguration;
			buildSettings = {
				ALWAYS_SEARCH_USER_PATHS = NO;
				CLANG_ANALYZER_NONNULL = YES;
				CLANG_ANALYZER_NUMBER_OBJECT_CONVERSION = YES_AGGRESSIVE;
				CLANG_CXX_LANGUAGE_STANDARD = "gnu++17";
				CLANG_ENABLE_MODULES = YES;
				CLANG_ENABLE_OBJC_ARC = YES;
				CLANG_ENABLE_OBJC_WEAK = YES;
				CLANG_WARN_BLOCK_CAPTURE_AUTORELEASING = YES;
				CLANG_WARN_BOOL_CONVERSION = YES;
				CLANG_WARN_COMMA = YES;
				CLANG_WARN_CONSTANT_CONVERSION = YES;
				CLANG_WARN_DEPRECATED_OBJC_IMPLEMENTATIONS = YES;
				CLANG_WARN_DIRECT_OBJC_ISA_USAGE = YES_ERROR;
				CLANG_WARN_DOCUMENTATION_COMMENTS = YES;
				CLANG_WARN_EMPTY_BODY = YES;
				CLANG_WARN_ENUM_CONVERSION = YES;
				CLANG_WARN_INFINITE_RECURSION = YES;
				CLANG_WARN_INT_CONVERSION = YES;
				CLANG_WARN_NON_LITERAL_NULL_CONVERSION = YES;
				CLANG_WARN_OBJC_IMPLICIT_RETAIN_SELF = YES;
				CLANG_WARN_OBJC_LITERAL_CONVERSION = YES;
				CLANG_WARN_OBJC_ROOT_CLASS = YES_ERROR;
				CLANG_WARN_QUOTED_INCLUDE_IN_FRAMEWORK_HEADER = YES;
				CLANG_WARN_RANGE_LOOP_ANALYSIS = YES;
				CLANG_WARN_STRICT_PROTOTYPES = YES;
				CLANG_WARN_SUSPICIOUS_MOVE = YES;
				CLANG_WARN_UNGUARDED_AVAILABILITY = YES_AGGRESSIVE;
				CLANG_WARN_UNREACHABLE_CODE = YES;
				CLANG_WARN__DUPLICATE_METHOD_MATCH = YES;
				COPY_PHASE_STRIP = NO;
				DEBUG_INFORMATION_FORMAT = dwarf;
				ENABLE_STRICT_OBJC_MSGSEND = YES;
				ENABLE_TESTABILITY = YES;
				GCC_C_LANGUAGE_STANDARD = gnu11;
				GCC_DYNAMIC_NO_PIC = NO;
				GCC_NO_COMMON_BLOCKS = YES;
				GCC_OPTIMIZATION_LEVEL = 0;
				GCC_PREPROCESSOR_DEFINITIONS = (
					"DEBUG=1",
					"$(inherited)",
				);
				GCC_WARN_64_TO_32_BIT_CONVERSION = YES;
				GCC_WARN_ABOUT_RETURN_TYPE = YES_ERROR;
				GCC_WARN_UNDECLARED_SELECTOR = YES;
				GCC_WARN_UNINITIALIZED_AUTOS = YES_AGGRESSIVE;
				GCC_WARN_UNUSED_FUNCTION = YES;
				GCC_WARN_UNUSED_VARIABLE = YES;
				IPHONEOS_DEPLOYMENT_TARGET = 13.0;
				MTL_ENABLE_DEBUG_INFO = INCLUDE_SOURCE;
				MTL_FAST_MATH = YES;
				ONLY_ACTIVE_ARCH = YES;
				SDKROOT = iphoneos;
				SWIFT_ACTIVE_COMPILATION_CONDITIONS = DEBUG;
				SWIFT_OPTIMIZATION_LEVEL = "-Onone";
			};
			name = Debug;
		};
		6DDC506A2876ADE0003978D0 /* Release */ = {
			isa = XCBuildConfiguration;
			buildSettings = {
				ALWAYS_SEARCH_USER_PATHS = NO;
				CLANG_ANALYZER_NONNULL = YES;
				CLANG_ANALYZER_NUMBER_OBJECT_CONVERSION = YES_AGGRESSIVE;
				CLANG_CXX_LANGUAGE_STANDARD = "gnu++17";
				CLANG_ENABLE_MODULES = YES;
				CLANG_ENABLE_OBJC_ARC = YES;
				CLANG_ENABLE_OBJC_WEAK = YES;
				CLANG_WARN_BLOCK_CAPTURE_AUTORELEASING = YES;
				CLANG_WARN_BOOL_CONVERSION = YES;
				CLANG_WARN_COMMA = YES;
				CLANG_WARN_CONSTANT_CONVERSION = YES;
				CLANG_WARN_DEPRECATED_OBJC_IMPLEMENTATIONS = YES;
				CLANG_WARN_DIRECT_OBJC_ISA_USAGE = YES_ERROR;
				CLANG_WARN_DOCUMENTATION_COMMENTS = YES;
				CLANG_WARN_EMPTY_BODY = YES;
				CLANG_WARN_ENUM_CONVERSION = YES;
				CLANG_WARN_INFINITE_RECURSION = YES;
				CLANG_WARN_INT_CONVERSION = YES;
				CLANG_WARN_NON_LITERAL_NULL_CONVERSION = YES;
				CLANG_WARN_OBJC_IMPLICIT_RETAIN_SELF = YES;
				CLANG_WARN_OBJC_LITERAL_CONVERSION = YES;
				CLANG_WARN_OBJC_ROOT_CLASS = YES_ERROR;
				CLANG_WARN_QUOTED_INCLUDE_IN_FRAMEWORK_HEADER = YES;
				CLANG_WARN_RANGE_LOOP_ANALYSIS = YES;
				CLANG_WARN_STRICT_PROTOTYPES = YES;
				CLANG_WARN_SUSPICIOUS_MOVE = YES;
				CLANG_WARN_UNGUARDED_AVAILABILITY = YES_AGGRESSIVE;
				CLANG_WARN_UNREACHABLE_CODE = YES;
				CLANG_WARN__DUPLICATE_METHOD_MATCH = YES;
				COPY_PHASE_STRIP = NO;
				DEBUG_INFORMATION_FORMAT = "dwarf-with-dsym";
				ENABLE_NS_ASSERTIONS = NO;
				ENABLE_STRICT_OBJC_MSGSEND = YES;
				GCC_C_LANGUAGE_STANDARD = gnu11;
				GCC_NO_COMMON_BLOCKS = YES;
				GCC_WARN_64_TO_32_BIT_CONVERSION = YES;
				GCC_WARN_ABOUT_RETURN_TYPE = YES_ERROR;
				GCC_WARN_UNDECLARED_SELECTOR = YES;
				GCC_WARN_UNINITIALIZED_AUTOS = YES_AGGRESSIVE;
				GCC_WARN_UNUSED_FUNCTION = YES;
				GCC_WARN_UNUSED_VARIABLE = YES;
				IPHONEOS_DEPLOYMENT_TARGET = 13.0;
				MTL_ENABLE_DEBUG_INFO = NO;
				MTL_FAST_MATH = YES;
				SDKROOT = iphoneos;
				SWIFT_COMPILATION_MODE = wholemodule;
				SWIFT_OPTIMIZATION_LEVEL = "-O";
				VALIDATE_PRODUCT = YES;
			};
			name = Release;
		};
		6DDC506C2876ADE0003978D0 /* Debug */ = {
			isa = XCBuildConfiguration;
			baseConfigurationReference = E0B6191F2AAB5F0129CCAEBA /* Pods-FCL_Cocoa_Demo.debug.xcconfig */;
			buildSettings = {
				ASSETCATALOG_COMPILER_APPICON_NAME = AppIcon;
				ASSETCATALOG_COMPILER_GLOBAL_ACCENT_COLOR_NAME = AccentColor;
				CODE_SIGN_IDENTITY = "iPhone Distribution";
				CODE_SIGN_STYLE = Manual;
				CURRENT_PROJECT_VERSION = 4;
				DEVELOPMENT_TEAM = Y268PJ59QK;
				GENERATE_INFOPLIST_FILE = YES;
				INFOPLIST_FILE = FCL_Cocoa_Demo/Info.plist;
				INFOPLIST_KEY_UIApplicationSupportsIndirectInputEvents = YES;
				INFOPLIST_KEY_UILaunchStoryboardName = LaunchScreen;
				INFOPLIST_KEY_UIMainStoryboardFile = Main;
				INFOPLIST_KEY_UISupportedInterfaceOrientations_iPad = "UIInterfaceOrientationPortrait UIInterfaceOrientationPortraitUpsideDown UIInterfaceOrientationLandscapeLeft UIInterfaceOrientationLandscapeRight";
				INFOPLIST_KEY_UISupportedInterfaceOrientations_iPhone = "UIInterfaceOrientationPortrait UIInterfaceOrientationLandscapeLeft UIInterfaceOrientationLandscapeRight";
				IPHONEOS_DEPLOYMENT_TARGET = 13.0;
				LD_RUNPATH_SEARCH_PATHS = (
					"$(inherited)",
					"@executable_path/Frameworks",
				);
				MARKETING_VERSION = 1.0.3;
				PRODUCT_BUNDLE_IDENTIFIER = "com.portto.FCL-Cocoa-Demo";
				PRODUCT_NAME = "$(TARGET_NAME)";
				PROVISIONING_PROFILE_SPECIFIER = "match AdHoc com.portto.FCL-Cocoa-Demo";
				SWIFT_EMIT_LOC_STRINGS = YES;
				SWIFT_VERSION = 5.0;
				TARGETED_DEVICE_FAMILY = "1,2";
				VERSIONING_SYSTEM = "apple-generic";
			};
			name = Debug;
		};
		6DDC506D2876ADE0003978D0 /* Release */ = {
			isa = XCBuildConfiguration;
			baseConfigurationReference = 3771E811791C2D468C41B887 /* Pods-FCL_Cocoa_Demo.release.xcconfig */;
			buildSettings = {
				ASSETCATALOG_COMPILER_APPICON_NAME = AppIcon;
				ASSETCATALOG_COMPILER_GLOBAL_ACCENT_COLOR_NAME = AccentColor;
				CODE_SIGN_IDENTITY = "iPhone Distribution";
				CODE_SIGN_STYLE = Manual;
				CURRENT_PROJECT_VERSION = 4;
				DEVELOPMENT_TEAM = Y268PJ59QK;
				GENERATE_INFOPLIST_FILE = YES;
				INFOPLIST_FILE = FCL_Cocoa_Demo/Info.plist;
				INFOPLIST_KEY_UIApplicationSupportsIndirectInputEvents = YES;
				INFOPLIST_KEY_UILaunchStoryboardName = LaunchScreen;
				INFOPLIST_KEY_UIMainStoryboardFile = Main;
				INFOPLIST_KEY_UISupportedInterfaceOrientations_iPad = "UIInterfaceOrientationPortrait UIInterfaceOrientationPortraitUpsideDown UIInterfaceOrientationLandscapeLeft UIInterfaceOrientationLandscapeRight";
				INFOPLIST_KEY_UISupportedInterfaceOrientations_iPhone = "UIInterfaceOrientationPortrait UIInterfaceOrientationLandscapeLeft UIInterfaceOrientationLandscapeRight";
				IPHONEOS_DEPLOYMENT_TARGET = 13.0;
				LD_RUNPATH_SEARCH_PATHS = (
					"$(inherited)",
					"@executable_path/Frameworks",
				);
				MARKETING_VERSION = 1.0.3;
				PRODUCT_BUNDLE_IDENTIFIER = "com.portto.FCL-Cocoa-Demo";
				PRODUCT_NAME = "$(TARGET_NAME)";
				PROVISIONING_PROFILE_SPECIFIER = "match AdHoc com.portto.FCL-Cocoa-Demo";
				SWIFT_EMIT_LOC_STRINGS = YES;
				SWIFT_VERSION = 5.0;
				TARGETED_DEVICE_FAMILY = "1,2";
				VERSIONING_SYSTEM = "apple-generic";
			};
			name = Release;
		};
/* End XCBuildConfiguration section */

/* Begin XCConfigurationList section */
		6DDC50522876ADDF003978D0 /* Build configuration list for PBXProject "FCL_Cocoa_Demo" */ = {
			isa = XCConfigurationList;
			buildConfigurations = (
				6DDC50692876ADE0003978D0 /* Debug */,
				6DDC506A2876ADE0003978D0 /* Release */,
			);
			defaultConfigurationIsVisible = 0;
			defaultConfigurationName = Release;
		};
		6DDC506B2876ADE0003978D0 /* Build configuration list for PBXNativeTarget "FCL_Cocoa_Demo" */ = {
			isa = XCConfigurationList;
			buildConfigurations = (
				6DDC506C2876ADE0003978D0 /* Debug */,
				6DDC506D2876ADE0003978D0 /* Release */,
			);
			defaultConfigurationIsVisible = 0;
			defaultConfigurationName = Release;
		};
/* End XCConfigurationList section */
	};
	rootObject = 6DDC504F2876ADDF003978D0 /* Project object */;
}
